
Microsoft Visual Studio Solution File, Format Version 12.00
# Visual Studio Version 16
VisualStudioVersion = 16.0.32126.315
MinimumVisualStudioVersion = 10.0.40219.1
Project("{9A19103F-16F7-4668-BE54-9A1E7A4F7556}") = "Exadel.OfficeBooking.Domain", "Domain\Exadel.OfficeBooking.Domain.csproj", "{40C3C45D-37F5-4289-A5FC-35A235E9232E}"
EndProject
Project("{9A19103F-16F7-4668-BE54-9A1E7A4F7556}") = "Exadel.OfficeBooking.EF", "EF\Exadel.OfficeBooking.EF.csproj", "{07D4EA3D-96D1-429E-9EA9-EDEBF93BA5B8}"
EndProject
Project("{9A19103F-16F7-4668-BE54-9A1E7A4F7556}") = "Exadel.OfficeBooking.Api", "Api\Exadel.OfficeBooking.Api.csproj", "{C6E332D5-881B-431F-AA57-012911ACF428}"
EndProject
Project("{9A19103F-16F7-4668-BE54-9A1E7A4F7556}") = "Exadel.OfficeBooking.TelegramApi", "TelegramApi\Exadel.OfficeBooking.TelegramApi.csproj", "{932C3410-3D3A-4874-86FD-74DBE2E5A661}"
EndProject
Project("{9A19103F-16F7-4668-BE54-9A1E7A4F7556}") = "Exadel.OfficeBooking.TelegramApi", "TelegramApi\Exadel.OfficeBooking.TelegramApi.csproj", "{291184AA-2B06-4A3C-8C30-415605D32C6B}"
EndProject
Global
	GlobalSection(SolutionConfigurationPlatforms) = preSolution
		Debug|Any CPU = Debug|Any CPU
		Release|Any CPU = Release|Any CPU
	EndGlobalSection
	GlobalSection(ProjectConfigurationPlatforms) = postSolution
		{40C3C45D-37F5-4289-A5FC-35A235E9232E}.Debug|Any CPU.ActiveCfg = Debug|Any CPU
		{40C3C45D-37F5-4289-A5FC-35A235E9232E}.Debug|Any CPU.Build.0 = Debug|Any CPU
		{40C3C45D-37F5-4289-A5FC-35A235E9232E}.Release|Any CPU.ActiveCfg = Release|Any CPU
		{40C3C45D-37F5-4289-A5FC-35A235E9232E}.Release|Any CPU.Build.0 = Release|Any CPU
		{07D4EA3D-96D1-429E-9EA9-EDEBF93BA5B8}.Debug|Any CPU.ActiveCfg = Debug|Any CPU
		{07D4EA3D-96D1-429E-9EA9-EDEBF93BA5B8}.Debug|Any CPU.Build.0 = Debug|Any CPU
		{07D4EA3D-96D1-429E-9EA9-EDEBF93BA5B8}.Release|Any CPU.ActiveCfg = Release|Any CPU
		{07D4EA3D-96D1-429E-9EA9-EDEBF93BA5B8}.Release|Any CPU.Build.0 = Release|Any CPU
		{C6E332D5-881B-431F-AA57-012911ACF428}.Debug|Any CPU.ActiveCfg = Debug|Any CPU
		{C6E332D5-881B-431F-AA57-012911ACF428}.Debug|Any CPU.Build.0 = Debug|Any CPU
		{C6E332D5-881B-431F-AA57-012911ACF428}.Release|Any CPU.ActiveCfg = Release|Any CPU
		{C6E332D5-881B-431F-AA57-012911ACF428}.Release|Any CPU.Build.0 = Release|Any CPU
		{932C3410-3D3A-4874-86FD-74DBE2E5A661}.Debug|Any CPU.ActiveCfg = Debug|Any CPU
		{932C3410-3D3A-4874-86FD-74DBE2E5A661}.Debug|Any CPU.Build.0 = Debug|Any CPU
		{932C3410-3D3A-4874-86FD-74DBE2E5A661}.Release|Any CPU.ActiveCfg = Release|Any CPU
		{932C3410-3D3A-4874-86FD-74DBE2E5A661}.Release|Any CPU.Build.0 = Release|Any CPU
	EndGlobalSection
	GlobalSection(SolutionProperties) = preSolution
		HideSolutionNode = FALSE
	EndGlobalSection
	GlobalSection(ExtensibilityGlobals) = postSolution
		SolutionGuid = {8C2B0464-F92E-4FDF-8D91-428B2D726C96}
	EndGlobalSection
EndGlobal
